
Microsoft Visual Studio Solution File, Format Version 12.00
Project("{FAE04EC0-301F-11D3-BF4B-00C04F79EFBC}") = "XChange", "XChange\XChange.csproj", "{1CDFD14D-C920-4D6B-81C6-CC7872A7D2FA}"
EndProject
Project("{FAE04EC0-301F-11D3-BF4B-00C04F79EFBC}") = "XChange.Tests", "XChange.Tests\XChange.Tests.csproj", "{C946D4A2-5696-4D90-9646-4E0F99B77E59}"
EndProject
Global
	GlobalSection(SolutionConfigurationPlatforms) = preSolution
		Debug|Any CPU = Debug|Any CPU
		Release|Any CPU = Release|Any CPU
	EndGlobalSection
	GlobalSection(ProjectConfigurationPlatforms) = postSolution
		{1CDFD14D-C920-4D6B-81C6-CC7872A7D2FA}.Debug|Any CPU.ActiveCfg = Debug|Any CPU
		{1CDFD14D-C920-4D6B-81C6-CC7872A7D2FA}.Debug|Any CPU.Build.0 = Debug|Any CPU
		{1CDFD14D-C920-4D6B-81C6-CC7872A7D2FA}.Release|Any CPU.ActiveCfg = Release|Any CPU
		{1CDFD14D-C920-4D6B-81C6-CC7872A7D2FA}.Release|Any CPU.Build.0 = Release|Any CPU
		{C946D4A2-5696-4D90-9646-4E0F99B77E59}.Debug|Any CPU.ActiveCfg = Debug|Any CPU
		{C946D4A2-5696-4D90-9646-4E0F99B77E59}.Debug|Any CPU.Build.0 = Debug|Any CPU
		{C946D4A2-5696-4D90-9646-4E0F99B77E59}.Release|Any CPU.ActiveCfg = Release|Any CPU
		{C946D4A2-5696-4D90-9646-4E0F99B77E59}.Release|Any CPU.Build.0 = Release|Any CPU
	EndGlobalSection
EndGlobal
